
Microsoft Visual Studio Solution File, Format Version 12.00
# Visual Studio Version 16
VisualStudioVersion = 16.0.30611.23
MinimumVisualStudioVersion = 10.0.40219.1
Project("{9A19103F-16F7-4668-BE54-9A1E7A4F7556}") = "WebApi", "WebApi\WebApi.csproj", "{280EB37B-5931-4E56-8805-C2D90AA538F1}"
EndProject
Project("{9A19103F-16F7-4668-BE54-9A1E7A4F7556}") = "WebApi.DAL", "WebApi.DAL\WebApi.DAL.csproj", "{11898DB0-4E57-499E-ACBF-BED408EA1620}"
EndProject
Project("{FAE04EC0-301F-11D3-BF4B-00C04F79EFBC}") = "WebApi.Services", "WebApi.Services\WebApi.Services.csproj", "{9705ABE5-7563-471D-BD91-0F16DB2A7368}"
EndProject
Global
	GlobalSection(SolutionConfigurationPlatforms) = preSolution
		Debug|Any CPU = Debug|Any CPU
		Release|Any CPU = Release|Any CPU
	EndGlobalSection
	GlobalSection(ProjectConfigurationPlatforms) = postSolution
		{280EB37B-5931-4E56-8805-C2D90AA538F1}.Debug|Any CPU.ActiveCfg = Debug|Any CPU
		{280EB37B-5931-4E56-8805-C2D90AA538F1}.Debug|Any CPU.Build.0 = Debug|Any CPU
		{280EB37B-5931-4E56-8805-C2D90AA538F1}.Release|Any CPU.ActiveCfg = Release|Any CPU
		{280EB37B-5931-4E56-8805-C2D90AA538F1}.Release|Any CPU.Build.0 = Release|Any CPU
		{11898DB0-4E57-499E-ACBF-BED408EA1620}.Debug|Any CPU.ActiveCfg = Debug|Any CPU
		{11898DB0-4E57-499E-ACBF-BED408EA1620}.Debug|Any CPU.Build.0 = Debug|Any CPU
		{11898DB0-4E57-499E-ACBF-BED408EA1620}.Release|Any CPU.ActiveCfg = Release|Any CPU
		{11898DB0-4E57-499E-ACBF-BED408EA1620}.Release|Any CPU.Build.0 = Release|Any CPU
		{9705ABE5-7563-471D-BD91-0F16DB2A7368}.Debug|Any CPU.ActiveCfg = Debug|Any CPU
		{9705ABE5-7563-471D-BD91-0F16DB2A7368}.Debug|Any CPU.Build.0 = Debug|Any CPU
		{9705ABE5-7563-471D-BD91-0F16DB2A7368}.Release|Any CPU.ActiveCfg = Release|Any CPU
		{9705ABE5-7563-471D-BD91-0F16DB2A7368}.Release|Any CPU.Build.0 = Release|Any CPU
	EndGlobalSection
	GlobalSection(SolutionProperties) = preSolution
		HideSolutionNode = FALSE
	EndGlobalSection
	GlobalSection(ExtensibilityGlobals) = postSolution
		SolutionGuid = {30C693BB-DABC-476A-AB68-BA2AD3652F65}
	EndGlobalSection
EndGlobal
